GEM
  remote: https://rubygems.org/
  specs:
    aasm (5.5.2)
      concurrent-ruby (~> 1.0)
    actioncable (7.2.3)
      actionpack (= 7.2.3)
      activesupport (= 7.2.3)
      nio4r (~> 2.0)
      websocket-driver (>= 0.6.1)
      zeitwerk (~> 2.6)
    actionmailbox (7.2.3)
      actionpack (= 7.2.3)
      activejob (= 7.2.3)
      activerecord (= 7.2.3)
      activestorage (= 7.2.3)
      activesupport (= 7.2.3)
      mail (>= 2.8.0)
    actionmailer (7.2.3)
      actionpack (= 7.2.3)
      actionview (= 7.2.3)
      activejob (= 7.2.3)
      activesupport (= 7.2.3)
      mail (>= 2.8.0)
      rails-dom-testing (~> 2.2)
    actionpack (7.2.3)
      actionview (= 7.2.3)
      activesupport (= 7.2.3)
      cgi
      nokogiri (>= 1.8.5)
      racc
      rack (>= 2.2.4, < 3.3)
      rack-session (>= 1.0.1)
      rack-test (>= 0.6.3)
      rails-dom-testing (~> 2.2)
      rails-html-sanitizer (~> 1.6)
      useragent (~> 0.16)
    actiontext (7.2.3)
      actionpack (= 7.2.3)
      activerecord (= 7.2.3)
      activestorage (= 7.2.3)
      activesupport (= 7.2.3)
      globalid (>= 0.6.0)
      nokogiri (>= 1.8.5)
    actionview (7.2.3)
      activesupport (= 7.2.3)
      builder (~> 3.1)
      cgi
      erubi (~> 1.11)
      rails-dom-testing (~> 2.2)
      rails-html-sanitizer (~> 1.6)
    active_model_serializers (0.10.16)
      actionpack (>= 4.1)
      activemodel (>= 4.1)
      case_transform (>= 0.2)
      jsonapi-renderer (>= 0.1.1.beta1, < 0.3)
    activejob (7.2.3)
      activesupport (= 7.2.3)
      globalid (>= 0.3.6)
    activemodel (7.2.3)
      activesupport (= 7.2.3)
    activerecord (7.2.3)
      activemodel (= 7.2.3)
      activesupport (= 7.2.3)
      timeout (>= 0.4.0)
    activerecord-postgres_enum (2.1.0)
      activerecord (>= 5.2)
      pg
    activestorage (7.2.3)
      actionpack (= 7.2.3)
      activejob (= 7.2.3)
      activerecord (= 7.2.3)
      activesupport (= 7.2.3)
      marcel (~> 1.0)
    activesupport (7.2.3)
      base64
      benchmark (>= 0.3)
      bigdecimal
      concurrent-ruby (~> 1.0, >= 1.3.1)
      connection_pool (>= 2.2.5)
      drb
      i18n (>= 1.6, < 2)
      logger (>= 1.4.2)
      minitest (>= 5.1)
      securerandom (>= 0.3)
      tzinfo (~> 2.0, >= 2.0.5)
    acts-as-taggable-on (13.0.0)
      activerecord (>= 7.1, < 8.2)
      zeitwerk (>= 2.4, < 3.0)
    addressable (2.8.8)
      public_suffix (>= 2.0.2, < 8.0)
    annotate (3.2.0)
      activerecord (>= 3.2, < 8.0)
      rake (>= 10.4, < 14.0)
    ast (2.4.3)
    base64 (0.3.0)
    bcrypt (3.1.20)
    benchmark (0.5.0)
    bigdecimal (3.3.1)
    bindex (0.8.1)
    brakeman (7.1.1)
      racc
    builder (3.3.0)
    bundler-audit (0.9.3)
      bundler (>= 1.2.0)
      thor (~> 1.0)
    capybara (3.40.0)
      addressable
      matrix
      mini_mime (>= 0.1.3)
      nokogiri (~> 1.11)
      rack (>= 1.6.0)
      rack-test (>= 0.6.3)
      regexp_parser (>= 1.5, < 3.0)
      xpath (~> 3.2)
    case_transform (0.2)
      activesupport
    cgi (0.5.1)
    concurrent-ruby (1.3.4)
    connection_pool (2.5.5)
    crass (1.0.6)
    csv (3.3.5)
    date (3.5.1)
    debug (1.11.0)
      irb (~> 1.10)
      reline (>= 0.3.8)
    deep_cloneable (3.2.1)
      activerecord (>= 3.1.0, < 9)
    devise (4.9.4)
      bcrypt (~> 3.0)
      orm_adapter (~> 0.1)
      railties (>= 4.1.0)
      responders
      warden (~> 1.2.3)
    diff-lcs (1.6.2)
    drb (2.2.3)
    dry-cli (1.3.0)
    erb (4.0.4)
      cgi (>= 0.3.3)
    erubi (1.13.1)
    et-orbi (1.4.0)
      tzinfo
    factory_bot (6.5.6)
      activesupport (>= 6.1.0)
    factory_bot_rails (6.5.1)
      factory_bot (~> 6.5)
      railties (>= 6.1.0)
    faker (3.5.3)
      i18n (>= 1.8.11, < 2)
    faraday (2.14.0)
      faraday-net_http (>= 2.0, < 3.5)
      json
      logger
    faraday-net_http (3.4.2)
      net-http (~> 0.5)
    fast_excel (0.5.0)
      ffi (> 1.9, < 2)
    ffi (1.17.2-arm64-darwin)
    fugit (1.12.1)
      et-orbi (~> 1.4)
      raabro (~> 1.4)
    globalid (1.3.0)
      activesupport (>= 6.1)
    hashie (5.0.0)
    httparty (0.23.2)
      csv
      mini_mime (>= 1.0.0)
      multi_xml (>= 0.5.2)
    i18n (1.14.7)
      concurrent-ruby (~> 1.0)
    io-console (0.8.2)
    io-wait (0.3.6)
    irb (1.15.3)
      pp (>= 0.6.0)
      rdoc (>= 4.0.0)
      reline (>= 0.4.2)
    json (2.18.0)
    json-diff (0.4.1)
    jsonapi-renderer (0.2.2)
    jsonapi-serializer (2.2.0)
      activesupport (>= 4.2)
    jsonapi.rb (2.1.1)
      jsonapi-serializer
      rack
    jwt (3.1.2)
      base64
    kaminari (1.2.2)
      activesupport (>= 4.1.0)
      kaminari-actionview (= 1.2.2)
      kaminari-activerecord (= 1.2.2)
      kaminari-core (= 1.2.2)
    kaminari-actionview (1.2.2)
      actionview
      kaminari-core (= 1.2.2)
    kaminari-activerecord (1.2.2)
      activerecord
      kaminari-core (= 1.2.2)
    kaminari-core (1.2.2)
    language_server-protocol (3.17.0.5)
    lint_roller (1.1.0)
    logger (1.7.0)
    loofah (2.25.0)
      crass (~> 1.0.2)
      nokogiri (>= 1.12.0)
    mail (2.9.0)
      logger
      mini_mime (>= 0.1.1)
      net-imap
      net-pop
      net-smtp
    marcel (1.1.0)
    matrix (0.4.3)
    mini_mime (1.1.5)
    minitest (5.27.0)
    multi_xml (0.7.1)
      bigdecimal (~> 3.1)
    mutex_m (0.3.0)
    net-http (0.8.0)
      uri (>= 0.11.1)
    net-imap (0.5.12)
      date
      net-protocol
    net-pop (0.1.2)
      net-protocol
    net-protocol (0.2.2)
      timeout
    net-smtp (0.5.1)
      net-protocol
    nilify_blanks (1.4.0)
      activerecord (>= 4.0.0)
      activesupport (>= 4.0.0)
    nio4r (2.7.5)
    nokogiri (1.18.10-arm64-darwin)
      racc (~> 1.4)
    oauth2 (2.0.18)
      faraday (>= 0.17.3, < 4.0)
      jwt (>= 1.0, < 4.0)
      logger (~> 1.2)
      multi_xml (~> 0.5)
      rack (>= 1.2, < 4)
      snaky_hash (~> 2.0, >= 2.0.3)
      version_gem (~> 1.1, >= 1.1.9)
    omniauth (2.1.4)
      hashie (>= 3.4.6)
      logger
      rack (>= 2.2.3)
      rack-protection
    omniauth-oauth2 (1.9.0)
      oauth2 (>= 2.0.2, < 3)
      omniauth (~> 2.0)
    orm_adapter (0.5.0)
    paper_trail (16.0.0)
      activerecord (>= 6.1)
      request_store (~> 1.4)
    parallel (1.27.0)
    parser (3.3.10.0)
      ast (~> 2.4.1)
      racc
    pg (1.6.2-arm64-darwin)
    pp (0.6.3)
      prettyprint
    prettyprint (0.2.0)
    prism (1.6.0)
    psych (5.3.0)
      date
      stringio
    public_suffix (6.0.2)
    puma (7.1.0)
      nio4r (~> 2.0)
    pundit (2.5.2)
      activesupport (>= 3.0.0)
    pwned (2.4.1)
    raabro (1.4.0)
    racc (1.8.1)
    rack (3.2.4)
    rack-cors (3.0.0)
      logger
      rack (>= 3.0.14)
    rack-protection (4.2.1)
      base64 (>= 0.1.0)
      logger (>= 1.6.0)
      rack (>= 3.0.0, < 4)
    rack-proxy (0.7.7)
      rack
    rack-session (2.1.1)
      base64 (>= 0.1.0)
      rack (>= 3.0.0)
    rack-test (2.2.0)
      rack (>= 1.3)
    rackup (2.3.1)
      rack (>= 3)
    rails (7.2.3)
      actioncable (= 7.2.3)
      actionmailbox (= 7.2.3)
      actionmailer (= 7.2.3)
      actionpack (= 7.2.3)
      actiontext (= 7.2.3)
      actionview (= 7.2.3)
      activejob (= 7.2.3)
      activemodel (= 7.2.3)
      activerecord (= 7.2.3)
      activestorage (= 7.2.3)
      activesupport (= 7.2.3)
      bundler (>= 1.15.0)
      railties (= 7.2.3)
    rails-dom-testing (2.3.0)
      activesupport (>= 5.0.0)
      minitest
      nokogiri (>= 1.6)
    rails-html-sanitizer (1.6.2)
      loofah (~> 2.21)
      nokogiri (>= 1.15.7, != 1.16.7, != 1.16.6, != 1.16.5, != 1.16.4, != 1.16.3, != 1.16.2, != 1.16.1, != 1.16.0.rc1, != 1.16.0)
    railties (7.2.3)
      actionpack (= 7.2.3)
      activesupport (= 7.2.3)
      cgi
      irb (~> 1.13)
      rackup (>= 1.0.0)
      rake (>= 12.2)
      thor (~> 1.0, >= 1.2.2)
      tsort (>= 0.2)
      zeitwerk (~> 2.6)
    rainbow (3.1.1)
    rake (13.3.1)
    ranked-model (0.4.11)
      activerecord (>= 5.2)
    ransack (4.4.1)
      activerecord (>= 7.2)
      activesupport (>= 7.2)
      i18n
    rdoc (6.17.0)
      erb
      psych (>= 4.0.0)
      tsort
    recaptcha (5.21.1)
    redis-client (0.26.2)
      connection_pool
    regexp_parser (2.11.3)
    reline (0.6.3)
      io-console (~> 0.5)
    request_store (1.7.0)
      rack (>= 1.4)
    responders (3.2.0)
      actionpack (>= 7.0)
      railties (>= 7.0)
    rexml (3.4.4)
    roo (2.8.3)
      nokogiri (~> 1)
      rubyzip (>= 1.3.0, < 3.0.0)
    rspec (3.13.2)
      rspec-core (~> 3.13.0)
      rspec-expectations (~> 3.13.0)
      rspec-mocks (~> 3.13.0)
    rspec-core (3.13.6)
      rspec-support (~> 3.13.0)
    rspec-expectations (3.13.5)
      diff-lcs (>= 1.2.0, < 2.0)
      rspec-support (~> 3.13.0)
    rspec-mocks (3.13.7)
      diff-lcs (>= 1.2.0, < 2.0)
      rspec-support (~> 3.13.0)
    rspec-rails (8.0.2)
      actionpack (>= 7.2)
      activesupport (>= 7.2)
      railties (>= 7.2)
      rspec-core (~> 3.13)
      rspec-expectations (~> 3.13)
      rspec-mocks (~> 3.13)
      rspec-support (~> 3.13)
    rspec-support (3.13.6)
    rubocop (1.81.7)
      json (~> 2.3)
      language_server-protocol (~> 3.17.0.2)
      lint_roller (~> 1.1.0)
      parallel (~> 1.10)
      parser (>= 3.3.0.2)
      rainbow (>= 2.2.2, < 4.0)
      regexp_parser (>= 2.9.3, < 3.0)
      rubocop-ast (>= 1.47.1, < 2.0)
      ruby-progressbar (~> 1.7)
      unicode-display_width (>= 2.4.0, < 4.0)
    rubocop-ast (1.48.0)
      parser (>= 3.3.7.2)
      prism (~> 1.4)
    rubocop-rails (2.34.2)
      activesupport (>= 4.2.0)
      lint_roller (~> 1.1)
      rack (>= 1.1)
      rubocop (>= 1.75.0, < 2.0)
      rubocop-ast (>= 1.44.0, < 2.0)
    rubocop-rspec (3.8.0)
      lint_roller (~> 1.1)
      rubocop (~> 1.81)
    ruby-progressbar (1.13.0)
    ruby_audit (3.0.0)
      bundler-audit (~> 0.9.0)
    rubyzip (2.4.1)
    rufus-scheduler (3.9.2)
      fugit (~> 1.1, >= 1.11.1)
    securerandom (0.4.1)
    seedbank (0.5.0)
      rake (>= 10.0)
    selenium-webdriver (4.32.0)
      base64 (~> 0.2)
      logger (~> 1.4)
      rexml (~> 3.2, >= 3.2.5)
      rubyzip (>= 1.2.2, < 3.0)
      websocket (~> 1.0)
    sidekiq (7.3.10)
      base64
      connection_pool (>= 2.3.0, < 3)
      logger
      rack (>= 2.2.4, < 3.3)
      redis-client (>= 0.23.0, < 1)
    sidekiq-scheduler (6.0.1)
      rufus-scheduler (~> 3.2)
      sidekiq (>= 7.3, < 9)
    simpleidn (0.2.3)
    snaky_hash (2.0.3)
      hashie (>= 0.1.0, < 6)
      version_gem (>= 1.1.8, < 3)
    stringio (3.1.9)
    thor (1.4.0)
    timeout (0.5.0)
    truemail (3.3.1)
      simpleidn (~> 0.2.1)
    tsort (0.2.0)
    tzinfo (2.0.6)
      concurrent-ruby (~> 1.0)
    unicode-display_width (3.2.0)
      unicode-emoji (~> 4.1)
    unicode-emoji (4.1.0)
    uri (1.1.1)
    useragent (0.16.11)
    version_gem (1.1.9)
    vite_plugin_legacy (3.0.2)
      vite_ruby (~> 3.0, >= 3.0.4)
    vite_rails (3.0.15)
      railties (>= 5.1, < 8)
      vite_ruby (~> 3.0, >= 3.2.2)
    vite_ruby (3.9.2)
      dry-cli (>= 0.7, < 2)
      logger (~> 1.6)
      mutex_m
      rack-proxy (~> 0.6, >= 0.6.1)
      zeitwerk (~> 2.2)
    warden (1.2.9)
      rack (>= 2.0.9)
    web-console (4.2.1)
      actionview (>= 6.0.0)
      activemodel (>= 6.0.0)
      bindex (>= 0.4.0)
      railties (>= 6.0.0)
    webdack-uuid_migration (1.5.0)
      activerecord (>= 4.0)
    webdrivers (5.2.0)
      nokogiri (~> 1.6)
      rubyzip (>= 1.3.0)
      selenium-webdriver (~> 4.0)
    websocket (1.2.11)
    websocket-driver (0.8.0)
      base64
      websocket-extensions (>= 0.1.0)
    websocket-extensions (0.1.5)
    with_advisory_lock (5.3.0)
      activerecord (>= 6.1)
      zeitwerk (>= 2.6)
    xpath (3.2.0)
      nokogiri (~> 1.8)
    zeitwerk (2.6.18)

PLATFORMS
  arm64-darwin-25

DEPENDENCIES
  aasm
  active_model_serializers (~> 0.10.0)
  activerecord-postgres_enum
  acts-as-taggable-on
  annotate
  brakeman
  bundler-audit
  capybara
  concurrent-ruby (< 1.3.5)
  debug (>= 1.0.0)
  deep_cloneable (~> 3.2.0)
  devise
  factory_bot_rails
  faker
  fast_excel
  httparty
  io-wait
  json-diff
  jsonapi-serializer
  jsonapi.rb
  kaminari
  nilify_blanks
  nokogiri (>= 1.18)
  omniauth-oauth2
  paper_trail (~> 16)
  pg (>= 0.18, < 2.0)
  puma (>= 6.3.1)
  pundit
  pwned
  rack-cors
  rails (~> 7.2.0)
  ranked-model
  ransack
  recaptcha
  request_store
  roo (~> 2.8.0)
  rspec
  rspec-rails
  rubocop
  rubocop-rails
  rubocop-rspec
  ruby_audit
  seedbank
  selenium-webdriver
  sidekiq
  sidekiq-scheduler
  truemail
  vite_plugin_legacy
  vite_rails (= 3.0.15)
  web-console
  webdack-uuid_migration
  webdrivers
  with_advisory_lock

RUBY VERSION
   ruby 3.1.4p223

BUNDLED WITH
   2.3.26
